
Microsoft Visual Studio Solution File, Format Version 12.00
# Visual Studio 14
VisualStudioVersion = 14.0.24720.0
MinimumVisualStudioVersion = 10.0.40219.1
Project("{FAE04EC0-301F-11D3-BF4B-00C04F79EFBC}") = "IEE.Utilities", "IEE.Utilities\IEE.Utilities.csproj", "{7530838C-6B54-4614-A881-530649CDF0F8}"
EndProject
Project("{FAE04EC0-301F-11D3-BF4B-00C04F79EFBC}") = "IEE.Lib", "IEE.Lib\IEE.Lib.csproj", "{B6D2F341-6464-4AD7-8A06-A1443A76E44E}"
EndProject
Project("{FAE04EC0-301F-11D3-BF4B-00C04F79EFBC}") = "IEE.Web", "IEE.Web\IEE.Web.csproj", "{80DB2E4D-C5AB-435B-A02D-52D470524766}"
EndProject
Global
	GlobalSection(SolutionConfigurationPlatforms) = preSolution
		Debug|Any CPU = Debug|Any CPU
		Release|Any CPU = Release|Any CPU
	EndGlobalSection
	GlobalSection(ProjectConfigurationPlatforms) = postSolution
		{7530838C-6B54-4614-A881-530649CDF0F8}.Debug|Any CPU.ActiveCfg = Debug|Any CPU
		{7530838C-6B54-4614-A881-530649CDF0F8}.Debug|Any CPU.Build.0 = Debug|Any CPU
		{7530838C-6B54-4614-A881-530649CDF0F8}.Release|Any CPU.ActiveCfg = Release|Any CPU
		{7530838C-6B54-4614-A881-530649CDF0F8}.Release|Any CPU.Build.0 = Release|Any CPU
		{B6D2F341-6464-4AD7-8A06-A1443A76E44E}.Debug|Any CPU.ActiveCfg = Debug|Any CPU
		{B6D2F341-6464-4AD7-8A06-A1443A76E44E}.Debug|Any CPU.Build.0 = Debug|Any CPU
		{B6D2F341-6464-4AD7-8A06-A1443A76E44E}.Release|Any CPU.ActiveCfg = Release|Any CPU
		{B6D2F341-6464-4AD7-8A06-A1443A76E44E}.Release|Any CPU.Build.0 = Release|Any CPU
		{80DB2E4D-C5AB-435B-A02D-52D470524766}.Debug|Any CPU.ActiveCfg = Debug|Any CPU
		{80DB2E4D-C5AB-435B-A02D-52D470524766}.Debug|Any CPU.Build.0 = Debug|Any CPU
		{80DB2E4D-C5AB-435B-A02D-52D470524766}.Release|Any CPU.ActiveCfg = Release|Any CPU
		{80DB2E4D-C5AB-435B-A02D-52D470524766}.Release|Any CPU.Build.0 = Release|Any CPU
	EndGlobalSection
	GlobalSection(SolutionProperties) = preSolution
		HideSolutionNode = FALSE
	EndGlobalSection
EndGlobal
